// !$*UTF8*$!
{
	archiveVersion = 1;
	classes = {
	};
	objectVersion = 46;
	objects = {

/* Begin PBXBuildFile section */
		845CA7C1182A48580023B46B /* Foundation.framework in Frameworks */ = {isa = PBXBuildFile; fileRef = 845CA7C0182A48580023B46B /* Foundation.framework */; };
		845CA7C3182A48580023B46B /* CoreGraphics.framework in Frameworks */ = {isa = PBXBuildFile; fileRef = 845CA7C2182A48580023B46B /* CoreGraphics.framework */; };
		845CA7C5182A48580023B46B /* UIKit.framework in Frameworks */ = {isa = PBXBuildFile; fileRef = 845CA7C4182A48580023B46B /* UIKit.framework */; };
		845CA7CB182A48580023B46B /* InfoPlist.strings in Resources */ = {isa = PBXBuildFile; fileRef = 845CA7C9182A48580023B46B /* InfoPlist.strings */; };
		845CA7CD182A48580023B46B /* main.m in Sources */ = {isa = PBXBuildFile; fileRef = 845CA7CC182A48580023B46B /* main.m */; };
		845CA7D1182A48580023B46B /* VSAppDelegate.m in Sources */ = {isa = PBXBuildFile; fileRef = 845CA7D0182A48580023B46B /* VSAppDelegate.m */; };
		845CA7D7182A48590023B46B /* VSViewController.m in Sources */ = {isa = PBXBuildFile; fileRef = 845CA7D6182A48590023B46B /* VSViewController.m */; };
		845CA7D9182A48590023B46B /* Images.xcassets in Resources */ = {isa = PBXBuildFile; fileRef = 845CA7D8182A48590023B46B /* Images.xcassets */; };
		845CA7E0182A48590023B46B /* XCTest.framework in Frameworks */ = {isa = PBXBuildFile; fileRef = 845CA7DF182A48590023B46B /* XCTest.framework */; };
		845CA7E1182A48590023B46B /* Foundation.framework in Frameworks */ = {isa = PBXBuildFile; fileRef = 845CA7C0182A48580023B46B /* Foundation.framework */; };
		845CA7E2182A48590023B46B /* UIKit.framework in Frameworks */ = {isa = PBXBuildFile; fileRef = 845CA7C4182A48580023B46B /* UIKit.framework */; };
		845CA7EA182A48590023B46B /* InfoPlist.strings in Resources */ = {isa = PBXBuildFile; fileRef = 845CA7E8182A48590023B46B /* InfoPlist.strings */; };
		845CA7EC182A48590023B46B /* iOS1Tests.m in Sources */ = {isa = PBXBuildFile; fileRef = 845CA7EB182A48590023B46B /* iOS1Tests.m */; };
		84828758182A4EFC00F30FAD /* VSMainWindow.xib in Resources */ = {isa = PBXBuildFile; fileRef = 84828757182A4EFC00F30FAD /* VSMainWindow.xib */; };
		84F2B226182A4B3300DE869D /* VSController.m in Sources */ = {isa = PBXBuildFile; fileRef = 84F2B225182A4B3300DE869D /* VSController.m */; };
/* End PBXBuildFile section */

/* Begin PBXContainerItemProxy section */
		845CA7E3182A48590023B46B /* PBXContainerItemProxy */ = {
			isa = PBXContainerItemProxy;
			containerPortal = 845CA7B5182A48580023B46B /* Project object */;
			proxyType = 1;
			remoteGlobalIDString = 845CA7BC182A48580023B46B;
			remoteInfo = iOS1;
		};
/* End PBXContainerItemProxy section */

/* Begin PBXFileReference section */
		845CA7BD182A48580023B46B /* iOS1.app */ = {isa = PBXFileReference; explicitFileType = wrapper.application; includeInIndex = 0; path = iOS1.app; sourceTree = BUILT_PRODUCTS_DIR; };
		845CA7C0182A48580023B46B /* Foundation.framework */ = {isa = PBXFileReference; lastKnownFileType = wrapper.framework; name = Foundation.framework; path = System/Library/Frameworks/Foundation.framework; sourceTree = SDKROOT; };
		845CA7C2182A48580023B46B /* CoreGraphics.framework */ = {isa = PBXFileReference; lastKnownFileType = wrapper.framework; name = CoreGraphics.framework; path = System/Library/Frameworks/CoreGraphics.framework; sourceTree = SDKROOT; };
		845CA7C4182A48580023B46B /* UIKit.framework */ = {isa = PBXFileReference; lastKnownFileType = wrapper.framework; name = UIKit.framework; path = System/Library/Frameworks/UIKit.framework; sourceTree = SDKROOT; };
		845CA7C8182A48580023B46B /* iOS1-Info.plist */ = {isa = PBXFileReference; lastKnownFileType = text.plist.xml; path = "iOS1-Info.plist"; sourceTree = "<group>"; };
		845CA7CA182A48580023B46B /* en */ = {isa = PBXFileReference; lastKnownFileType = text.plist.strings; name = en; path = en.lproj/InfoPlist.strings; sourceTree = "<group>"; };
		845CA7CC182A48580023B46B /* main.m */ = {isa = PBXFileReference; lastKnownFileType = sourcecode.c.objc; path = main.m; sourceTree = "<group>"; };
		845CA7CE182A48580023B46B /* iOS1-Prefix.pch */ = {isa = PBXFileReference; lastKnownFileType = sourcecode.c.h; path = "iOS1-Prefix.pch"; sourceTree = "<group>"; };
		845CA7CF182A48580023B46B /* VSAppDelegate.h */ = {isa = PBXFileReference; lastKnownFileType = sourcecode.c.h; path = VSAppDelegate.h; sourceTree = "<group>"; };
		845CA7D0182A48580023B46B /* VSAppDelegate.m */ = {isa = PBXFileReference; lastKnownFileType = sourcecode.c.objc; path = VSAppDelegate.m; sourceTree = "<group>"; };
		845CA7D5182A48590023B46B /* VSViewController.h */ = {isa = PBXFileReference; lastKnownFileType = sourcecode.c.h; path = VSViewController.h; sourceTree = "<group>"; };
		845CA7D6182A48590023B46B /* VSViewController.m */ = {isa = PBXFileReference; lastKnownFileType = sourcecode.c.objc; path = VSViewController.m; sourceTree = "<group>"; };
		845CA7D8182A48590023B46B /* Images.xcassets */ = {isa = PBXFileReference; lastKnownFileType = folder.assetcatalog; path = Images.xcassets; sourceTree = "<group>"; };
		845CA7DE182A48590023B46B /* iOS1Tests.xctest */ = {isa = PBXFileReference; explicitFileType = wrapper.cfbundle; includeInIndex = 0; path = iOS1Tests.xctest; sourceTree = BUILT_PRODUCTS_DIR; };
		845CA7DF182A48590023B46B /* XCTest.framework */ = {isa = PBXFileReference; lastKnownFileType = wrapper.framework; name = XCTest.framework; path = Library/Frameworks/XCTest.framework; sourceTree = DEVELOPER_DIR; };
		845CA7E7182A48590023B46B /* iOS1Tests-Info.plist */ = {isa = PBXFileReference; lastKnownFileType = text.plist.xml; path = "iOS1Tests-Info.plist"; sourceTree = "<group>"; };
		845CA7E9182A48590023B46B /* en */ = {isa = PBXFileReference; lastKnownFileType = text.plist.strings; name = en; path = en.lproj/InfoPlist.strings; sourceTree = "<group>"; };
		845CA7EB182A48590023B46B /* iOS1Tests.m */ = {isa = PBXFileReference; lastKnownFileType = sourcecode.c.objc; path = iOS1Tests.m; sourceTree = "<group>"; };
		84828757182A4EFC00F30FAD /* VSMainWindow.xib */ = {isa = PBXFileReference; fileEncoding = 4; lastKnownFileType = file.xib; name = VSMainWindow.xib; path = ../VSMainWindow.xib; sourceTree = "<group>"; };
		84F2B224182A4B3300DE869D /* VSController.h */ = {isa = PBXFileReference; fileEncoding = 4; lastKnownFileType = sourcecode.c.h; path = VSController.h; sourceTree = "<group>"; };
		84F2B225182A4B3300DE869D /* VSController.m */ = {isa = PBXFileReference; fileEncoding = 4; lastKnownFileType = sourcecode.c.objc; path = VSController.m; sourceTree = "<group>"; };
/* End PBXFileReference section */

/* Begin PBXFrameworksBuildPhase section */
		845CA7BA182A48580023B46B /* Frameworks */ = {
			isa = PBXFrameworksBuildPhase;
			buildActionMask = 2147483647;
			files = (
				845CA7C3182A48580023B46B /* CoreGraphics.framework in Frameworks */,
				845CA7C5182A48580023B46B /* UIKit.framework in Frameworks */,
				845CA7C1182A48580023B46B /* Foundation.framework in Frameworks */,
			);
			runOnlyForDeploymentPostprocessing = 0;
		};
		845CA7DB182A48590023B46B /* Frameworks */ = {
			isa = PBXFrameworksBuildPhase;
			buildActionMask = 2147483647;
			files = (
				845CA7E0182A48590023B46B /* XCTest.framework in Frameworks */,
				845CA7E2182A48590023B46B /* UIKit.framework in Frameworks */,
				845CA7E1182A48590023B46B /* Foundation.framework in Frameworks */,
			);
			runOnlyForDeploymentPostprocessing = 0;
		};
/* End PBXFrameworksBuildPhase section */

/* Begin PBXGroup section */
		845CA7B4182A48580023B46B = {
			isa = PBXGroup;
			children = (
				845CA7C6182A48580023B46B /* iOS1 */,
				845CA7E5182A48590023B46B /* iOS1Tests */,
				845CA7BF182A48580023B46B /* Frameworks */,
				845CA7BE182A48580023B46B /* Products */,
			);
			sourceTree = "<group>";
		};
		845CA7BE182A48580023B46B /* Products */ = {
			isa = PBXGroup;
			children = (
				845CA7BD182A48580023B46B /* iOS1.app */,
				845CA7DE182A48590023B46B /* iOS1Tests.xctest */,
			);
			name = Products;
			sourceTree = "<group>";
		};
		845CA7BF182A48580023B46B /* Frameworks */ = {
			isa = PBXGroup;
			children = (
				845CA7C0182A48580023B46B /* Foundation.framework */,
				845CA7C2182A48580023B46B /* CoreGraphics.framework */,
				845CA7C4182A48580023B46B /* UIKit.framework */,
				845CA7DF182A48590023B46B /* XCTest.framework */,
			);
			name = Frameworks;
			sourceTree = "<group>";
		};
		845CA7C6182A48580023B46B /* iOS1 */ = {
			isa = PBXGroup;
			children = (
				84828757182A4EFC00F30FAD /* VSMainWindow.xib */,
				84F2B224182A4B3300DE869D /* VSController.h */,
				84F2B225182A4B3300DE869D /* VSController.m */,
				845CA7CF182A48580023B46B /* VSAppDelegate.h */,
				845CA7D0182A48580023B46B /* VSAppDelegate.m */,
				845CA7D5182A48590023B46B /* VSViewController.h */,
				845CA7D6182A48590023B46B /* VSViewController.m */,
				845CA7D8182A48590023B46B /* Images.xcassets */,
				845CA7C7182A48580023B46B /* Supporting Files */,
			);
			path = iOS1;
			sourceTree = "<group>";
		};
		845CA7C7182A48580023B46B /* Supporting Files */ = {
			isa = PBXGroup;
			children = (
				845CA7C8182A48580023B46B /* iOS1-Info.plist */,
				845CA7C9182A48580023B46B /* InfoPlist.strings */,
				845CA7CC182A48580023B46B /* main.m */,
				845CA7CE182A48580023B46B /* iOS1-Prefix.pch */,
			);
			name = "Supporting Files";
			sourceTree = "<group>";
		};
		845CA7E5182A48590023B46B /* iOS1Tests */ = {
			isa = PBXGroup;
			children = (
				845CA7EB182A48590023B46B /* iOS1Tests.m */,
				845CA7E6182A48590023B46B /* Supporting Files */,
			);
			path = iOS1Tests;
			sourceTree = "<group>";
		};
		845CA7E6182A48590023B46B /* Supporting Files */ = {
			isa = PBXGroup;
			children = (
				845CA7E7182A48590023B46B /* iOS1Tests-Info.plist */,
				845CA7E8182A48590023B46B /* InfoPlist.strings */,
			);
			name = "Supporting Files";
			sourceTree = "<group>";
		};
/* End PBXGroup section */

/* Begin PBXNativeTarget section */
		845CA7BC182A48580023B46B /* iOS1 */ = {
			isa = PBXNativeTarget;
			buildConfigurationList = 845CA7EF182A48590023B46B /* Build configuration list for PBXNativeTarget "iOS1" */;
			buildPhases = (
				845CA7B9182A48580023B46B /* Sources */,
				845CA7BA182A48580023B46B /* Frameworks */,
				845CA7BB182A48580023B46B /* Resources */,
			);
			buildRules = (
			);
			dependencies = (
			);
			name = iOS1;
			productName = iOS1;
			productReference = 845CA7BD182A48580023B46B /* iOS1.app */;
			productType = "com.apple.product-type.application";
		};
		845CA7DD182A48590023B46B /* iOS1Tests */ = {
			isa = PBXNativeTarget;
			buildConfigurationList = 845CA7F2182A48590023B46B /* Build configuration list for PBXNativeTarget "iOS1Tests" */;
			buildPhases = (
				845CA7DA182A48590023B46B /* Sources */,
				845CA7DB182A48590023B46B /* Frameworks */,
				845CA7DC182A48590023B46B /* Resources */,
			);
			buildRules = (
			);
			dependencies = (
				845CA7E4182A48590023B46B /* PBXTargetDependency */,
			);
			name = iOS1Tests;
			productName = iOS1Tests;
			productReference = 845CA7DE182A48590023B46B /* iOS1Tests.xctest */;
			productType = "com.apple.product-type.bundle.unit-test";
		};
/* End PBXNativeTarget section */

/* Begin PBXProject section */
		845CA7B5182A48580023B46B /* Project object */ = {
			isa = PBXProject;
			attributes = {
				CLASSPREFIX = VS;
				LastUpgradeCheck = 0500;
				ORGANIZATIONNAME = Admin;
				TargetAttributes = {
					845CA7DD182A48590023B46B = {
						TestTargetID = 845CA7BC182A48580023B46B;
					};
				};
			};
			buildConfigurationList = 845CA7B8182A48580023B46B /* Build configuration list for PBXProject "iOS1" */;
			compatibilityVersion = "Xcode 3.2";
			developmentRegion = English;
			hasScannedForEncodings = 0;
			knownRegions = (
				en,
				Base,
			);
			mainGroup = 845CA7B4182A48580023B46B;
			productRefGroup = 845CA7BE182A48580023B46B /* Products */;
			projectDirPath = "";
			projectRoot = "";
			targets = (
				845CA7BC182A48580023B46B /* iOS1 */,
				845CA7DD182A48590023B46B /* iOS1Tests */,
			);
		};
/* End PBXProject section */

/* Begin PBXResourcesBuildPhase section */
		845CA7BB182A48580023B46B /* Resources */ = {
			isa = PBXResourcesBuildPhase;
			buildActionMask = 2147483647;
			files = (
				845CA7D9182A48590023B46B /* Images.xcassets in Resources */,
				845CA7CB182A48580023B46B /* InfoPlist.strings in Resources */,
				84828758182A4EFC00F30FAD /* VSMainWindow.xib in Resources */,
			);
			runOnlyForDeploymentPostprocessing = 0;
		};
		845CA7DC182A48590023B46B /* Resources */ = {
			isa = PBXResourcesBuildPhase;
			buildActionMask = 2147483647;
			files = (
				845CA7EA182A48590023B46B /* InfoPlist.strings in Resources */,
			);
			runOnlyForDeploymentPostprocessing = 0;
		};
/* End PBXResourcesBuildPhase section */

/* Begin PBXSourcesBuildPhase section */
		845CA7B9182A48580023B46B /* Sources */ = {
			isa = PBXSourcesBuildPhase;
			buildActionMask = 2147483647;
			files = (
				845CA7D7182A48590023B46B /* VSViewController.m in Sources */,
				845CA7CD182A48580023B46B /* main.m in Sources */,
				84F2B226182A4B3300DE869D /* VSController.m in Sources */,
				845CA7D1182A48580023B46B /* VSAppDelegate.m in Sources */,
			);
			runOnlyForDeploymentPostprocessing = 0;
		};
		845CA7DA182A48590023B46B /* Sources */ = {
			isa = PBXSourcesBuildPhase;
			buildActionMask = 2147483647;
			files = (
				845CA7EC182A48590023B46B /* iOS1Tests.m in Sources */,
			);
			runOnlyForDeploymentPostprocessing = 0;
		};
/* End PBXSourcesBuildPhase section */

/* Begin PBXTargetDependency section */
		845CA7E4182A48590023B46B /* PBXTargetDependency */ = {
			isa = PBXTargetDependency;
			target = 845CA7BC182A48580023B46B /* iOS1 */;
			targetProxy = 845CA7E3182A48590023B46B /* PBXContainerItemProxy */;
		};
/* End PBXTargetDependency section */

/* Begin PBXVariantGroup section */
		845CA7C9182A48580023B46B /* InfoPlist.strings */ = {
			isa = PBXVariantGroup;
			children = (
				845CA7CA182A48580023B46B /* en */,
			);
			name = InfoPlist.strings;
			sourceTree = "<group>";
		};
		845CA7E8182A48590023B46B /* InfoPlist.strings */ = {
			isa = PBXVariantGroup;
			children = (
				845CA7E9182A48590023B46B /* en */,
			);
			name = InfoPlist.strings;
			sourceTree = "<group>";
		};
/* End PBXVariantGroup section */

/* Begin XCBuildConfiguration section */
		845CA7ED182A48590023B46B /* Debug */ = {
			isa = XCBuildConfiguration;
			buildSettings = {
				ALWAYS_SEARCH_USER_PATHS = NO;
				ARCHS = "$(ARCHS_STANDARD_INCLUDING_64_BIT)";
				CLANG_CXX_LANGUAGE_STANDARD = "gnu++0x";
				CLANG_CXX_LIBRARY = "libc++";
				CLANG_ENABLE_MODULES = YES;
				CLANG_ENABLE_OBJC_ARC = YES;
				CLANG_WARN_BOOL_CONVERSION = YES;
				CLANG_WARN_CONSTANT_CONVERSION = YES;
				CLANG_WARN_DIRECT_OBJC_ISA_USAGE = YES_ERROR;
				CLANG_WARN_EMPTY_BODY = YES;
				CLANG_WARN_ENUM_CONVERSION = YES;
				CLANG_WARN_INT_CONVERSION = YES;
				CLANG_WARN_OBJC_ROOT_CLASS = YES_ERROR;
				CLANG_WARN__DUPLICATE_METHOD_MATCH = YES;
				"CODE_SIGN_IDENTITY[sdk=iphoneos*]" = "iPhone Developer";
				COPY_PHASE_STRIP = NO;
				GCC_C_LANGUAGE_STANDARD = gnu99;
				GCC_DYNAMIC_NO_PIC = NO;
				GCC_OPTIMIZATION_LEVEL = 0;
				GCC_PREPROCESSOR_DEFINITIONS = (
					"DEBUG=1",
					"$(inherited)",
				);
				GCC_SYMBOLS_PRIVATE_EXTERN = NO;
				GCC_WARN_64_TO_32_BIT_CONVERSION = YES;
				GCC_WARN_ABOUT_RETURN_TYPE = YES_ERROR;
				GCC_WARN_UNDECLARED_SELECTOR = YES;
				GCC_WARN_UNINITIALIZED_AUTOS = YES;
				GCC_WARN_UNUSED_FUNCTION = YES;
				GCC_WARN_UNUSED_VARIABLE = YES;
				IPHONEOS_DEPLOYMENT_TARGET = 7.0;
				ONLY_ACTIVE_ARCH = YES;
				SDKROOT = iphoneos;
			};
			name = Debug;
		};
		845CA7EE182A48590023B46B /* Release */ = {
			isa = XCBuildConfiguration;
			buildSettings = {
				ALWAYS_SEARCH_USER_PATHS = NO;
				ARCHS = "$(ARCHS_STANDARD_INCLUDING_64_BIT)";
				CLANG_CXX_LANGUAGE_STANDARD = "gnu++0x";
				CLANG_CXX_LIBRARY = "libc++";
				CLANG_ENABLE_MODULES = YES;
				CLANG_ENABLE_OBJC_ARC = YES;
				CLANG_WARN_BOOL_CONVERSION = YES;
				CLANG_WARN_CONSTANT_CONVERSION = YES;
				CLANG_WARN_DIRECT_OBJC_ISA_USAGE = YES_ERROR;
				CLANG_WARN_EMPTY_BODY = YES;
				CLANG_WARN_ENUM_CONVERSION = YES;
				CLANG_WARN_INT_CONVERSION = YES;
				CLANG_WARN_OBJC_ROOT_CLASS = YES_ERROR;
				CLANG_WARN__DUPLICATE_METHOD_MATCH = YES;
				"CODE_SIGN_IDENTITY[sdk=iphoneos*]" = "iPhone Developer";
				COPY_PHASE_STRIP = YES;
				ENABLE_NS_ASSERTIONS = NO;
				GCC_C_LANGUAGE_STANDARD = gnu99;
				GCC_WARN_64_TO_32_BIT_CONVERSION = YES;
				GCC_WARN_ABOUT_RETURN_TYPE = YES_ERROR;
				GCC_WARN_UNDECLARED_SELECTOR = YES;
				GCC_WARN_UNINITIALIZED_AUTOS = YES;
				GCC_WARN_UNUSED_FUNCTION = YES;
				GCC_WARN_UNUSED_VARIABLE = YES;
				IPHONEOS_DEPLOYMENT_TARGET = 7.0;
				SDKROOT = iphoneos;
				VALIDATE_PRODUCT = YES;
			};
			name = Release;
		};
		845CA7F0182A48590023B46B /* Debug */ = {
			isa = XCBuildConfiguration;
			buildSettings = {
				ASSETCATALOG_COMPILER_APPICON_NAME = AppIcon;
				ASSETCATALOG_COMPILER_LAUNCHIMAGE_NAME = LaunchImage;
				GCC_PRECOMPILE_PREFIX_HEADER = YES;
				GCC_PREFIX_HEADER = "iOS1/iOS1-Prefix.pch";
				INFOPLIST_FILE = "iOS1/iOS1-Info.plist";
				PRODUCT_NAME = "$(TARGET_NAME)";
				WRAPPER_EXTENSION = app;
			};
			name = Debug;
		};
		845CA7F1182A48590023B46B /* Release */ = {
			isa = XCBuildConfiguration;
			buildSettings = {
				ASSETCATALOG_COMPILER_APPICON_NAME = AppIcon;
				ASSETCATALOG_COMPILER_LAUNCHIMAGE_NAME = LaunchImage;
				GCC_PRECOMPILE_PREFIX_HEADER = YES;
				GCC_PREFIX_HEADER = "iOS1/iOS1-Prefix.pch";
				INFOPLIST_FILE = "iOS1/iOS1-Info.plist";
				PRODUCT_NAME = "$(TARGET_NAME)";
				WRAPPER_EXTENSION = app;
			};
			name = Release;
		};
		845CA7F3182A48590023B46B /* Debug */ = {
			isa = XCBuildConfiguration;
			buildSettings = {
				ARCHS = "$(ARCHS_STANDARD_INCLUDING_64_BIT)";
				BUNDLE_LOADER = "$(BUILT_PRODUCTS_DIR)/iOS1.app/iOS1";
				FRAMEWORK_SEARCH_PATHS = (
					"$(SDKROOT)/Developer/Library/Frameworks",
					"$(inherited)",
					"$(DEVELOPER_FRAMEWORKS_DIR)",
				);
				GCC_PRECOMPILE_PREFIX_HEADER = YES;
				GCC_PREFIX_HEADER = "iOS1/iOS1-Prefix.pch";
				GCC_PREPROCESSOR_DEFINITIONS = (
					"DEBUG=1",
					"$(inherited)",
				);
				INFOPLIST_FILE = "iOS1Tests/iOS1Tests-Info.plist";
				PRODUCT_NAME = "$(TARGET_NAME)";
				TEST_HOST = "$(BUNDLE_LOADER)";
				WRAPPER_EXTENSION = xctest;
			};
			name = Debug;
		};
		845CA7F4182A48590023B46B /* Release */ = {
			isa = XCBuildConfiguration;
			buildSettings = {
				ARCHS = "$(ARCHS_STANDARD_INCLUDING_64_BIT)";
				BUNDLE_LOADER = "$(BUILT_PRODUCTS_DIR)/iOS1.app/iOS1";
				FRAMEWORK_SEARCH_PATHS = (
					"$(SDKROOT)/Developer/Library/Frameworks",
					"$(inherited)",
					"$(DEVELOPER_FRAMEWORKS_DIR)",
				);
				GCC_PRECOMPILE_PREFIX_HEADER = YES;
				GCC_PREFIX_HEADER = "iOS1/iOS1-Prefix.pch";
				INFOPLIST_FILE = "iOS1Tests/iOS1Tests-Info.plist";
				PRODUCT_NAME = "$(TARGET_NAME)";
				TEST_HOST = "$(BUNDLE_LOADER)";
				WRAPPER_EXTENSION = xctest;
			};
			name = Release;
		};
/* End XCBuildConfiguration section */

/* Begin XCConfigurationList section */
		845CA7B8182A48580023B46B /* Build configuration list for PBXProject "iOS1" */ = {
			isa = XCConfigurationList;
			buildConfigurations = (
				845CA7ED182A48590023B46B /* Debug */,
				845CA7EE182A48590023B46B /* Release */,
			);
			defaultConfigurationIsVisible = 0;
			defaultConfigurationName = Release;
		};
		845CA7EF182A48590023B46B /* Build configuration list for PBXNativeTarget "iOS1" */ = {
			isa = XCConfigurationList;
			buildConfigurations = (
				845CA7F0182A48590023B46B /* Debug */,
				845CA7F1182A48590023B46B /* Release */,
			);
			defaultConfigurationIsVisible = 0;
			defaultConfigurationName = Release;
		};
		845CA7F2182A48590023B46B /* Build configuration list for PBXNativeTarget "iOS1Tests" */ = {
			isa = XCConfigurationList;
			buildConfigurations = (
				845CA7F3182A48590023B46B /* Debug */,
				845CA7F4182A48590023B46B /* Release */,
			);
			defaultConfigurationIsVisible = 0;
			defaultConfigurationName = Release;
		};
/* End XCConfigurationList section */
	};
	rootObject = 845CA7B5182A48580023B46B /* Project object */;
}
